PODS:
  - Amplitude-iOS (4.0.4)
  - Firebase/CoreOnly (5.0.1):
    - FirebaseCore (= 5.0.1)
  - Firebase/Messaging (5.0.1):
    - Firebase/CoreOnly
    - FirebaseMessaging (= 3.0.0)
  - FirebaseCore (5.0.1):
    - "GoogleToolboxForMac/NSData+zlib (~> 2.1)"
  - FirebaseInstanceID (3.0.0):
    - FirebaseCore (~> 5.0)
  - FirebaseMessaging (3.0.0):
    - FirebaseCore (~> 5.0)
    - FirebaseInstanceID (~> 3.0)
    - GoogleToolboxForMac/Logger (~> 2.1)
    - Protobuf (~> 3.1)
  - GoogleMaps (2.3.1):
    - GoogleMaps/Maps (= 2.3.1)
  - GoogleMaps/Base (2.3.1)
  - GoogleMaps/Maps (2.3.1):
    - GoogleMaps/Base
  - GoogleToolboxForMac/Defines (2.1.4)
  - GoogleToolboxForMac/Logger (2.1.4):
    - GoogleToolboxForMac/Defines (= 2.1.4)
  - "GoogleToolboxForMac/NSData+zlib (2.1.4)":
    - GoogleToolboxForMac/Defines (= 2.1.4)
  - Protobuf (3.5.0)
  - QBImagePickerController (3.4.0)
  - RSKImageCropper (1.6.3)

DEPENDENCIES:
  - Amplitude-iOS (~> 4.0.4)
  - Firebase/Messaging
  - GoogleMaps
  - QBImagePickerController
  - RSKImageCropper

SPEC REPOS:
  https://github.com/cocoapods/specs.git:
    - Amplitude-iOS
    - Firebase
    - FirebaseCore
    - FirebaseInstanceID
    - FirebaseMessaging
    - GoogleMaps
    - GoogleToolboxForMac
    - Protobuf
    - QBImagePickerController
    - RSKImageCropper

SPEC CHECKSUMS:
  Amplitude-iOS: 2ad4d7270c99186236c1272a3a9425463b1ae1a7
  Firebase: d6861c2059d8c32d1e6dd8932e22ada346d90a3a
  FirebaseCore: cafc814b2d84fc8733f09e653041cc2165332ad7
  FirebaseInstanceID: 83e0040351565df711a5db3d8ebe5ea21aca998a
  FirebaseMessaging: f2360a966ecfb0d14facf0fbdf306efc2df0ddbe
  GoogleMaps: c66a71058b9b1294bcdd5463a68e357fa50c079f
  GoogleToolboxForMac: 91c824d21e85b31c2aae9bb011c5027c9b4e738f
  Protobuf: 8a9838fba8dae3389230e1b7f8c104aa32389c03
  QBImagePickerController: d54cf93db6decf26baf6ed3472f336ef35cae022
  RSKImageCropper: 356e36fc58c57c371b5d8b23d603936d6a73df6c

PODFILE CHECKSUM: 0a7d018bb6ed29058479e91e6413cd26305e9324

COCOAPODS: 1.5.3
