PODS:
  - GoogleMaps (2.3.1):
    - GoogleMaps/Maps (= 2.3.1)
  - GoogleMaps/Base (2.3.1)
  - GoogleMaps/Maps (2.3.1):
    - GoogleMaps/Base

DEPENDENCIES:
  - GoogleMaps

SPEC CHECKSUMS:
  GoogleMaps: c66a71058b9b1294bcdd5463a68e357fa50c079f

PODFILE CHECKSUM: c2afbdb0c60de167b4a9005b96ab0fc9a2439d3c

COCOAPODS: 1.2.1
